
Microsoft Visual Studio Solution File, Format Version 12.00
# Visual Studio Version 17
VisualStudioVersion = 17.7.34202.233
MinimumVisualStudioVersion = 10.0.40219.1
Project("{8BC9CEB8-8B4A-11D0-8D11-00A0C91BC942}") = "Grafika1DD", "Grafika1DD\Grafika1DD.vcxproj", "{3D878448-604C-452A-8D74-FC094DD53E5E}"
EndProject
Global
	GlobalSection(SolutionConfigurationPlatforms) = preSolution
		Debug|x64 = Debug|x64
		Debug|x86 = Debug|x86
		Release|x64 = Release|x64
		Release|x86 = Release|x86
	EndGlobalSection
	GlobalSection(ProjectConfigurationPlatforms) = postSolution
		{3D878448-604C-452A-8D74-FC094DD53E5E}.Debug|x64.ActiveCfg = Debug|x64
		{3D878448-604C-452A-8D74-FC094DD53E5E}.Debug|x64.Build.0 = Debug|x64
		{3D878448-604C-452A-8D74-FC094DD53E5E}.Debug|x86.ActiveCfg = Debug|Win32
		{3D878448-604C-452A-8D74-FC094DD53E5E}.Debug|x86.Build.0 = Debug|Win32
		{3D878448-604C-452A-8D74-FC094DD53E5E}.Release|x64.ActiveCfg = Release|x64
		{3D878448-604C-452A-8D74-FC094DD53E5E}.Release|x64.Build.0 = Release|x64
		{3D878448-604C-452A-8D74-FC094DD53E5E}.Release|x86.ActiveCfg = Release|Win32
		{3D878448-604C-452A-8D74-FC094DD53E5E}.Release|x86.Build.0 = Release|Win32
	EndGlobalSection
	GlobalSection(SolutionProperties) = preSolution
		HideSolutionNode = FALSE
	EndGlobalSection
	GlobalSection(ExtensibilityGlobals) = postSolution
		SolutionGuid = {20BD50AB-88B1-4F14-B41C-0339C285D46E}
	EndGlobalSection
EndGlobal
